<?xml version="1.0" encoding="utf-8"?>
<Project ToolsVersion="4.0" xmlns="http://schemas.microsoft.com/developer/msbuild/2003">
  <ItemGroup>
    <Filter Include="Исходные файлы">
      <UniqueIdentifier>{4FC737F1-C7A5-4376-A066-2A32D752A2FF}</UniqueIdentifier>
      <Extensions>cpp;c;cc;cxx;c++;cppm;ixx;def;odl;idl;hpj;bat;asm;asmx</Extensions>
    </Filter>
    <Filter Include="Файлы заголовков">
      <UniqueIdentifier>{93995380-89BD-4b04-88EB-625FBE52EBFB}</UniqueIdentifier>
      <Extensions>h;hh;hpp;hxx;h++;hm;inl;inc;ipp;xsd</Extensions>
    </Filter>
    <Filter Include="Файлы ресурсов">
      <UniqueIdentifier>{67DA6AB6-F800-4c08-8B7A-83BB121AAD01}</UniqueIdentifier>
      <Extensions>rc;ico;cur;bmp;dlg;rc2;rct;bin;rgs;gif;jpg;jpeg;jpe;resx;tiff;tif;png;wav;mfcribbon-ms</Extensions>
    </Filter>
    <Filter Include="Исходные файлы\Environment_cpp">
      <UniqueIdentifier>{d7115ce1-bc88-4d6f-b1f7-894dd3f13189}</UniqueIdentifier>
    </Filter>
    <Filter Include="Файлы заголовков\Environment_h">
      <UniqueIdentifier>{d7628eb2-67cf-4fc9-930c-8ff34493992f}</UniqueIdentifier>
    </Filter>
    <Filter Include="Исходные файлы\Resource_cpp">
      <UniqueIdentifier>{8a825c44-67c8-4049-8c66-591497c04046}</UniqueIdentifier>
    </Filter>
    <Filter Include="Файлы заголовков\Resource_h">
      <UniqueIdentifier>{fdb8ae36-9a03-4466-b8f8-421b704bf976}</UniqueIdentifier>
    </Filter>
    <Filter Include="Файлы заголовков\Organism_h">
      <UniqueIdentifier>{1d6affb7-6076-4ccd-8267-1dd5c4aa522a}</UniqueIdentifier>
    </Filter>
    <Filter Include="Исходные файлы\Organism_cpp">
      <UniqueIdentifier>{0db75d79-cd88-4dce-b7dd-04b412c192b6}</UniqueIdentifier>
    </Filter>
    <Filter Include="Файлы заголовков\GUI_h">
      <UniqueIdentifier>{227a0454-e716-4296-bc16-9dacb2c6e112}</UniqueIdentifier>
    </Filter>
    <Filter Include="Исходные файлы\GUI_cpp">
      <UniqueIdentifier>{3a588e10-23d4-408b-a4b8-73df43e67c8e}</UniqueIdentifier>
    </Filter>
    <Filter Include="Файлы заголовков\Organism_h\Memory_Organism_h">
      <UniqueIdentifier>{b2be1d58-672a-4cab-a5cd-9af7e24d9d56}</UniqueIdentifier>
    </Filter>
  </ItemGroup>
  <ItemGroup>
    <ClCompile Include="main.cpp">
      <Filter>Исходные файлы</Filter>
    </ClCompile>
    <ClCompile Include="Environment.cpp">
      <Filter>Исходные файлы\Environment_cpp</Filter>
    </ClCompile>
    <ClCompile Include="Resource.cpp">
      <Filter>Исходные файлы\Resource_cpp</Filter>
    </ClCompile>
    <ClCompile Include="Config_Environment_Zone.cpp">
      <Filter>Исходные файлы\Environment_cpp</Filter>
    </ClCompile>
    <ClCompile Include="Resource_Manager.cpp">
      <Filter>Исходные файлы\Resource_cpp</Filter>
    </ClCompile>
    <ClCompile Include="Geometry.cpp">
      <Filter>Исходные файлы\GUI_cpp</Filter>
    </ClCompile>
  </ItemGroup>
  <ItemGroup>
    <ClInclude Include="Environment.h">
      <Filter>Файлы заголовков\Environment_h</Filter>
    </ClInclude>
    <ClInclude Include="Resource.h">
      <Filter>Файлы заголовков\Resource_h</Filter>
    </ClInclude>
    <ClInclude Include="Config_Environment_Zone.h">
      <Filter>Файлы заголовков\Environment_h</Filter>
    </ClInclude>
    <ClInclude Include="Resource_Manager.h">
      <Filter>Файлы заголовков\Resource_h</Filter>
    </ClInclude>
    <ClInclude Include="Interface.h">
      <Filter>Файлы заголовков\GUI_h</Filter>
    </ClInclude>
    <ClInclude Include="Element_Interface.h">
      <Filter>Файлы заголовков\GUI_h</Filter>
    </ClInclude>
    <ClInclude Include="Geometry.h">
      <Filter>Файлы заголовков\GUI_h</Filter>
    </ClInclude>
    <ClInclude Include="Memory_Organism.h">
      <Filter>Файлы заголовков\Organism_h\Memory_Organism_h</Filter>
    </ClInclude>
    <ClInclude Include="Resource_Memory_Status.h">
      <Filter>Файлы заголовков\Organism_h\Memory_Organism_h</Filter>
    </ClInclude>
    <ClInclude Include="Organism_Memory_Status.h">
      <Filter>Файлы заголовков\Organism_h\Memory_Organism_h</Filter>
    </ClInclude>
  </ItemGroup>
</Project>